
Microsoft Visual Studio Solution File, Format Version 12.00
# Visual Studio 15
VisualStudioVersion = 15.0.26730.16
MinimumVisualStudioVersion = 10.0.40219.1
Project("{FAE04EC0-301F-11D3-BF4B-00C04F79EFBC}") = "Modbus_RTU", "Modbus_RTU\Modbus_RTU.csproj", "{F73DB93D-CC43-44C6-B9B7-03F879434F59}"
EndProject
Global
	GlobalSection(SolutionConfigurationPlatforms) = preSolution
		Debug|Any CPU = Debug|Any CPU
		Release|Any CPU = Release|Any CPU
	EndGlobalSection
	GlobalSection(ProjectConfigurationPlatforms) = postSolution
		{F73DB93D-CC43-44C6-B9B7-03F879434F59}.Debug|Any CPU.ActiveCfg = Debug|Any CPU
		{F73DB93D-CC43-44C6-B9B7-03F879434F59}.Debug|Any CPU.Build.0 = Debug|Any CPU
		{F73DB93D-CC43-44C6-B9B7-03F879434F59}.Release|Any CPU.ActiveCfg = Release|Any CPU
		{F73DB93D-CC43-44C6-B9B7-03F879434F59}.Release|Any CPU.Build.0 = Release|Any CPU
	EndGlobalSection
	GlobalSection(SolutionProperties) = preSolution
		HideSolutionNode = FALSE
	EndGlobalSection
	GlobalSection(ExtensibilityGlobals) = postSolution
		SolutionGuid = {82CEA38F-0D01-432C-A016-894B1CDBCFDF}
	EndGlobalSection
EndGlobal
